// !$*UTF8*$!
{
	archiveVersion = 1;
	classes = {
	};
	objectVersion = 55;
	objects = {

/* Begin PBXBuildFile section */
		B641C1272850C262009809C2 /* SettingsData.swift in Sources */ = {isa = PBXBuildFile; fileRef = B641C1262850C262009809C2 /* SettingsData.swift */; };
		B641C129285177EA009809C2 /* ExtensionFloaty.swift in Sources */ = {isa = PBXBuildFile; fileRef = B641C128285177EA009809C2 /* ExtensionFloaty.swift */; };
		B641C12D285858A1009809C2 /* ExtensionUIImage.swift in Sources */ = {isa = PBXBuildFile; fileRef = B641C12C285858A1009809C2 /* ExtensionUIImage.swift */; };
		B641C12F2858773B009809C2 /* ExtensionUIImageView.swift in Sources */ = {isa = PBXBuildFile; fileRef = B641C12E2858773B009809C2 /* ExtensionUIImageView.swift */; };
		B641C13328589849009809C2 /* EmojiData.swift in Sources */ = {isa = PBXBuildFile; fileRef = B641C13228589849009809C2 /* EmojiData.swift */; };
		B65CE1FE283B466100ADE820 /* AppDelegate.swift in Sources */ = {isa = PBXBuildFile; fileRef = B65CE1FD283B466100ADE820 /* AppDelegate.swift */; };
		B65CE200283B466100ADE820 /* SceneDelegate.swift in Sources */ = {isa = PBXBuildFile; fileRef = B65CE1FF283B466100ADE820 /* SceneDelegate.swift */; };
		B65CE202283B466100ADE820 /* RandomViewController.swift in Sources */ = {isa = PBXBuildFile; fileRef = B65CE201283B466100ADE820 /* RandomViewController.swift */; };
		B65CE205283B466100ADE820 /* Main.storyboard in Resources */ = {isa = PBXBuildFile; fileRef = B65CE203283B466100ADE820 /* Main.storyboard */; };
		B65CE207283B466300ADE820 /* Assets.xcassets in Resources */ = {isa = PBXBuildFile; fileRef = B65CE206283B466300ADE820 /* Assets.xcassets */; };
		B65CE20A283B466300ADE820 /* LaunchScreen.storyboard in Resources */ = {isa = PBXBuildFile; fileRef = B65CE208283B466300ADE820 /* LaunchScreen.storyboard */; };
		B65CE212283CC9BC00ADE820 /* Helper.swift in Sources */ = {isa = PBXBuildFile; fileRef = B65CE211283CC9BC00ADE820 /* Helper.swift */; };
		B65CE216283E3A0300ADE820 /* Constants.swift in Sources */ = {isa = PBXBuildFile; fileRef = B65CE215283E3A0300ADE820 /* Constants.swift */; };
		B65CE23C284637B200ADE820 /* ExtensionButton.swift in Sources */ = {isa = PBXBuildFile; fileRef = B65CE23B284637B200ADE820 /* ExtensionButton.swift */; };
		B65CE23E2847646600ADE820 /* TabBarBarController.swift in Sources */ = {isa = PBXBuildFile; fileRef = B65CE23D2847646600ADE820 /* TabBarBarController.swift */; };
		B65CE2432847695E00ADE820 /* SettingsViewController.swift in Sources */ = {isa = PBXBuildFile; fileRef = B65CE2422847695E00ADE820 /* SettingsViewController.swift */; };
		BADEA36795ED0F6740724270 /* Pods_Randomie.framework in Frameworks */ = {isa = PBXBuildFile; fileRef = D1794743AE73C5F429CCD245 /* Pods_Randomie.framework */; };
/* End PBXBuildFile section */

/* Begin PBXFileReference section */
		0B5A260419956148EA86A94E /* Pods-Randomie.release.xcconfig */ = {isa = PBXFileReference; includeInIndex = 1; lastKnownFileType = text.xcconfig; name = "Pods-Randomie.release.xcconfig"; path = "Target Support Files/Pods-Randomie/Pods-Randomie.release.xcconfig"; sourceTree = "<group>"; };
		461EBA86F532FF11E3155C29 /* Pods-Randomie.debug.xcconfig */ = {isa = PBXFileReference; includeInIndex = 1; lastKnownFileType = text.xcconfig; name = "Pods-Randomie.debug.xcconfig"; path = "Target Support Files/Pods-Randomie/Pods-Randomie.debug.xcconfig"; sourceTree = "<group>"; };
		B641C1262850C262009809C2 /* SettingsData.swift */ = {isa = PBXFileReference; lastKnownFileType = sourcecode.swift; path = SettingsData.swift; sourceTree = "<group>"; };
		B641C128285177EA009809C2 /* ExtensionFloaty.swift */ = {isa = PBXFileReference; lastKnownFileType = sourcecode.swift; path = ExtensionFloaty.swift; sourceTree = "<group>"; };
		B641C12C285858A1009809C2 /* ExtensionUIImage.swift */ = {isa = PBXFileReference; lastKnownFileType = sourcecode.swift; path = ExtensionUIImage.swift; sourceTree = "<group>"; };
		B641C12E2858773B009809C2 /* ExtensionUIImageView.swift */ = {isa = PBXFileReference; lastKnownFileType = sourcecode.swift; path = ExtensionUIImageView.swift; sourceTree = "<group>"; };
		B641C13228589849009809C2 /* EmojiData.swift */ = {isa = PBXFileReference; lastKnownFileType = sourcecode.swift; path = EmojiData.swift; sourceTree = "<group>"; };
		B65CE1FA283B466100ADE820 /* Randomie.app */ = {isa = PBXFileReference; explicitFileType = wrapper.application; includeInIndex = 0; path = Randomie.app; sourceTree = BUILT_PRODUCTS_DIR; };
		B65CE1FD283B466100ADE820 /* AppDelegate.swift */ = {isa = PBXFileReference; lastKnownFileType = sourcecode.swift; path = AppDelegate.swift; sourceTree = "<group>"; };
		B65CE1FF283B466100ADE820 /* SceneDelegate.swift */ = {isa = PBXFileReference; lastKnownFileType = sourcecode.swift; path = SceneDelegate.swift; sourceTree = "<group>"; };
		B65CE201283B466100ADE820 /* RandomViewController.swift */ = {isa = PBXFileReference; lastKnownFileType = sourcecode.swift; path = RandomViewController.swift; sourceTree = "<group>"; };
		B65CE204283B466100ADE820 /* Base */ = {isa = PBXFileReference; lastKnownFileType = file.storyboard; name = Base; path = Base.lproj/Main.storyboard; sourceTree = "<group>"; };
		B65CE206283B466300ADE820 /* Assets.xcassets */ = {isa = PBXFileReference; lastKnownFileType = folder.assetcatalog; path = Assets.xcassets; sourceTree = "<group>"; };
		B65CE209283B466300ADE820 /* Base */ = {isa = PBXFileReference; lastKnownFileType = file.storyboard; name = Base; path = Base.lproj/LaunchScreen.storyboard; sourceTree = "<group>"; };
		B65CE20B283B466300ADE820 /* Info.plist */ = {isa = PBXFileReference; lastKnownFileType = text.plist.xml; path = Info.plist; sourceTree = "<group>"; };
		B65CE211283CC9BC00ADE820 /* Helper.swift */ = {isa = PBXFileReference; lastKnownFileType = sourcecode.swift; path = Helper.swift; sourceTree = "<group>"; };
		B65CE215283E3A0300ADE820 /* Constants.swift */ = {isa = PBXFileReference; lastKnownFileType = sourcecode.swift; path = Constants.swift; sourceTree = "<group>"; };
		B65CE23B284637B200ADE820 /* ExtensionButton.swift */ = {isa = PBXFileReference; lastKnownFileType = sourcecode.swift; path = ExtensionButton.swift; sourceTree = "<group>"; };
		B65CE23D2847646600ADE820 /* TabBarBarController.swift */ = {isa = PBXFileReference; lastKnownFileType = sourcecode.swift; path = TabBarBarController.swift; sourceTree = "<group>"; };
		B65CE2422847695E00ADE820 /* SettingsViewController.swift */ = {isa = PBXFileReference; lastKnownFileType = sourcecode.swift; path = SettingsViewController.swift; sourceTree = "<group>"; };
		D1794743AE73C5F429CCD245 /* Pods_Randomie.framework */ = {isa = PBXFileReference; explicitFileType = wrapper.framework; includeInIndex = 0; path = Pods_Randomie.framework; sourceTree = BUILT_PRODUCTS_DIR; };
/* End PBXFileReference section */

/* Begin PBXFrameworksBuildPhase section */
		B65CE1F7283B466100ADE820 /* Frameworks */ = {
			isa = PBXFrameworksBuildPhase;
			buildActionMask = 2147483647;
			files = (
				BADEA36795ED0F6740724270 /* Pods_Randomie.framework in Frameworks */,
			);
			runOnlyForDeploymentPostprocessing = 0;
		};
/* End PBXFrameworksBuildPhase section */

/* Begin PBXGroup section */
		27A9CD17A3C24785035D4A68 /* Pods */ = {
			isa = PBXGroup;
			children = (
				461EBA86F532FF11E3155C29 /* Pods-Randomie.debug.xcconfig */,
				0B5A260419956148EA86A94E /* Pods-Randomie.release.xcconfig */,
			);
			path = Pods;
			sourceTree = "<group>";
		};
		4BDB655D35127A29204C6CC9 /* Frameworks */ = {
			isa = PBXGroup;
			children = (
				D1794743AE73C5F429CCD245 /* Pods_Randomie.framework */,
			);
			name = Frameworks;
			sourceTree = "<group>";
		};
		B65CE1F1283B466100ADE820 = {
			isa = PBXGroup;
			children = (
				B65CE1FC283B466100ADE820 /* Randomie */,
				B65CE1FB283B466100ADE820 /* Products */,
				27A9CD17A3C24785035D4A68 /* Pods */,
				4BDB655D35127A29204C6CC9 /* Frameworks */,
			);
			sourceTree = "<group>";
		};
		B65CE1FB283B466100ADE820 /* Products */ = {
			isa = PBXGroup;
			children = (
				B65CE1FA283B466100ADE820 /* Randomie.app */,
			);
			name = Products;
			sourceTree = "<group>";
		};
		B65CE1FC283B466100ADE820 /* Randomie */ = {
			isa = PBXGroup;
			children = (
				B65CE1FD283B466100ADE820 /* AppDelegate.swift */,
				B65CE1FF283B466100ADE820 /* SceneDelegate.swift */,
				B65CE23F2847668F00ADE820 /* Models */,
				B65CE23A284635F500ADE820 /* Views */,
				B65CE213283E39C800ADE820 /* Controllers */,
				B65CE214283E39D800ADE820 /* HelperFiles */,
				B65CE206283B466300ADE820 /* Assets.xcassets */,
				B65CE208283B466300ADE820 /* LaunchScreen.storyboard */,
				B65CE20B283B466300ADE820 /* Info.plist */,
			);
			path = Randomie;
			sourceTree = "<group>";
		};
		B65CE213283E39C800ADE820 /* Controllers */ = {
			isa = PBXGroup;
			children = (
				B65CE201283B466100ADE820 /* RandomViewController.swift */,
				B65CE23D2847646600ADE820 /* TabBarBarController.swift */,
				B65CE2422847695E00ADE820 /* SettingsViewController.swift */,
			);
			path = Controllers;
			sourceTree = "<group>";
		};
		B65CE214283E39D800ADE820 /* HelperFiles */ = {
			isa = PBXGroup;
			children = (
				B65CE211283CC9BC00ADE820 /* Helper.swift */,
				B65CE215283E3A0300ADE820 /* Constants.swift */,
			);
			path = HelperFiles;
			sourceTree = "<group>";
		};
		B65CE23A284635F500ADE820 /* Views */ = {
			isa = PBXGroup;
			children = (
				B65CE203283B466100ADE820 /* Main.storyboard */,
			);
			path = Views;
			sourceTree = "<group>";
		};
		B65CE23F2847668F00ADE820 /* Models */ = {
			isa = PBXGroup;
			children = (
				B65CE23B284637B200ADE820 /* ExtensionButton.swift */,
				B641C128285177EA009809C2 /* ExtensionFloaty.swift */,
				B641C12C285858A1009809C2 /* ExtensionUIImage.swift */,
				B641C12E2858773B009809C2 /* ExtensionUIImageView.swift */,
				B641C1262850C262009809C2 /* SettingsData.swift */,
				B641C13228589849009809C2 /* EmojiData.swift */,
			);
			path = Models;
			sourceTree = "<group>";
		};
/* End PBXGroup section */

/* Begin PBXNativeTarget section */
		B65CE1F9283B466100ADE820 /* Randomie */ = {
			isa = PBXNativeTarget;
			buildConfigurationList = B65CE20E283B466300ADE820 /* Build configuration list for PBXNativeTarget "Randomie" */;
			buildPhases = (
				69DAC74F6B4853303988CC59 /* [CP] Check Pods Manifest.lock */,
				B65CE1F6283B466100ADE820 /* Sources */,
				B65CE1F7283B466100ADE820 /* Frameworks */,
				B65CE1F8283B466100ADE820 /* Resources */,
				9BA364AB138F69227D64ED87 /* [CP] Embed Pods Frameworks */,
			);
			buildRules = (
			);
			dependencies = (
			);
			name = Randomie;
			productName = Randomie;
			productReference = B65CE1FA283B466100ADE820 /* Randomie.app */;
			productType = "com.apple.product-type.application";
		};
/* End PBXNativeTarget section */

/* Begin PBXProject section */
		B65CE1F2283B466100ADE820 /* Project object */ = {
			isa = PBXProject;
			attributes = {
				BuildIndependentTargetsInParallel = 1;
				LastSwiftUpdateCheck = 1340;
				LastUpgradeCheck = 1340;
				TargetAttributes = {
					B65CE1F9283B466100ADE820 = {
						CreatedOnToolsVersion = 13.4;
					};
				};
			};
			buildConfigurationList = B65CE1F5283B466100ADE820 /* Build configuration list for PBXProject "Randomie" */;
			compatibilityVersion = "Xcode 13.0";
			developmentRegion = en;
			hasScannedForEncodings = 0;
			knownRegions = (
				en,
				Base,
			);
			mainGroup = B65CE1F1283B466100ADE820;
			productRefGroup = B65CE1FB283B466100ADE820 /* Products */;
			projectDirPath = "";
			projectRoot = "";
			targets = (
				B65CE1F9283B466100ADE820 /* Randomie */,
			);
		};
/* End PBXProject section */

/* Begin PBXResourcesBuildPhase section */
		B65CE1F8283B466100ADE820 /* Resources */ = {
			isa = PBXResourcesBuildPhase;
			buildActionMask = 2147483647;
			files = (
				B65CE20A283B466300ADE820 /* LaunchScreen.storyboard in Resources */,
				B65CE207283B466300ADE820 /* Assets.xcassets in Resources */,
				B65CE205283B466100ADE820 /* Main.storyboard in Resources */,
			);
			runOnlyForDeploymentPostprocessing = 0;
		};
/* End PBXResourcesBuildPhase section */

/* Begin PBXShellScriptBuildPhase section */
		69DAC74F6B4853303988CC59 /* [CP] Check Pods Manifest.lock */ = {
			isa = PBXShellScriptBuildPhase;
			buildActionMask = 2147483647;
			files = (
			);
			inputFileListPaths = (
			);
			inputPaths = (
				"${PODS_PODFILE_DIR_PATH}/Podfile.lock",
				"${PODS_ROOT}/Manifest.lock",
			);
			name = "[CP] Check Pods Manifest.lock";
			outputFileListPaths = (
			);
			outputPaths = (
				"$(DERIVED_FILE_DIR)/Pods-Randomie-checkManifestLockResult.txt",
			);
			runOnlyForDeploymentPostprocessing = 0;
			shellPath = /bin/sh;
			shellScript = "diff \"${PODS_PODFILE_DIR_PATH}/Podfile.lock\" \"${PODS_ROOT}/Manifest.lock\" > /dev/null\nif [ $? != 0 ] ; then\n    # print error to STDERR\n    echo \"error: The sandbox is not in sync with the Podfile.lock. Run 'pod install' or update your CocoaPods installation.\" >&2\n    exit 1\nfi\n# This output is used by Xcode 'outputs' to avoid re-running this script phase.\necho \"SUCCESS\" > \"${SCRIPT_OUTPUT_FILE_0}\"\n";
			showEnvVarsInLog = 0;
		};
		9BA364AB138F69227D64ED87 /* [CP] Embed Pods Frameworks */ = {
			isa = PBXShellScriptBuildPhase;
			buildActionMask = 2147483647;
			files = (
			);
			inputFileListPaths = (
				"${PODS_ROOT}/Target Support Files/Pods-Randomie/Pods-Randomie-frameworks-${CONFIGURATION}-input-files.xcfilelist",
			);
			name = "[CP] Embed Pods Frameworks";
			outputFileListPaths = (
				"${PODS_ROOT}/Target Support Files/Pods-Randomie/Pods-Randomie-frameworks-${CONFIGURATION}-output-files.xcfilelist",
			);
			runOnlyForDeploymentPostprocessing = 0;
			shellPath = /bin/sh;
			shellScript = "\"${PODS_ROOT}/Target Support Files/Pods-Randomie/Pods-Randomie-frameworks.sh\"\n";
			showEnvVarsInLog = 0;
		};
/* End PBXShellScriptBuildPhase section */

/* Begin PBXSourcesBuildPhase section */
		B65CE1F6283B466100ADE820 /* Sources */ = {
			isa = PBXSourcesBuildPhase;
			buildActionMask = 2147483647;
			files = (
				B65CE23C284637B200ADE820 /* ExtensionButton.swift in Sources */,
				B65CE216283E3A0300ADE820 /* Constants.swift in Sources */,
				B65CE202283B466100ADE820 /* RandomViewController.swift in Sources */,
				B65CE1FE283B466100ADE820 /* AppDelegate.swift in Sources */,
				B641C13328589849009809C2 /* EmojiData.swift in Sources */,
				B641C129285177EA009809C2 /* ExtensionFloaty.swift in Sources */,
				B65CE23E2847646600ADE820 /* TabBarBarController.swift in Sources */,
				B641C1272850C262009809C2 /* SettingsData.swift in Sources */,
				B641C12D285858A1009809C2 /* ExtensionUIImage.swift in Sources */,
				B65CE200283B466100ADE820 /* SceneDelegate.swift in Sources */,
				B65CE212283CC9BC00ADE820 /* Helper.swift in Sources */,
				B641C12F2858773B009809C2 /* ExtensionUIImageView.swift in Sources */,
				B65CE2432847695E00ADE820 /* SettingsViewController.swift in Sources */,
			);
			runOnlyForDeploymentPostprocessing = 0;
		};
/* End PBXSourcesBuildPhase section */

/* Begin PBXVariantGroup section */
		B65CE203283B466100ADE820 /* Main.storyboard */ = {
			isa = PBXVariantGroup;
			children = (
				B65CE204283B466100ADE820 /* Base */,
			);
			name = Main.storyboard;
			sourceTree = "<group>";
		};
		B65CE208283B466300ADE820 /* LaunchScreen.storyboard */ = {
			isa = PBXVariantGroup;
			children = (
				B65CE209283B466300ADE820 /* Base */,
			);
			name = LaunchScreen.storyboard;
			sourceTree = "<group>";
		};
/* End PBXVariantGroup section */

/* Begin XCBuildConfiguration section */
		B65CE20C283B466300ADE820 /* Debug */ = {
			isa = XCBuildConfiguration;
			buildSettings = {
				ALWAYS_SEARCH_USER_PATHS = NO;
				CLANG_ANALYZER_NONNULL = YES;
				CLANG_ANALYZER_NUMBER_OBJECT_CONVERSION = YES_AGGRESSIVE;
				CLANG_CXX_LANGUAGE_STANDARD = "gnu++17";
				CLANG_ENABLE_MODULES = YES;
				CLANG_ENABLE_OBJC_ARC = YES;
				CLANG_ENABLE_OBJC_WEAK = YES;
				CLANG_WARN_BLOCK_CAPTURE_AUTORELEASING = YES;
				CLANG_WARN_BOOL_CONVERSION = YES;
				CLANG_WARN_COMMA = YES;
				CLANG_WARN_CONSTANT_CONVERSION = YES;
				CLANG_WARN_DEPRECATED_OBJC_IMPLEMENTATIONS = YES;
				CLANG_WARN_DIRECT_OBJC_ISA_USAGE = YES_ERROR;
				CLANG_WARN_DOCUMENTATION_COMMENTS = YES;
				CLANG_WARN_EMPTY_BODY = YES;
				CLANG_WARN_ENUM_CONVERSION = YES;
				CLANG_WARN_INFINITE_RECURSION = YES;
				CLANG_WARN_INT_CONVERSION = YES;
				CLANG_WARN_NON_LITERAL_NULL_CONVERSION = YES;
				CLANG_WARN_OBJC_IMPLICIT_RETAIN_SELF = YES;
				CLANG_WARN_OBJC_LITERAL_CONVERSION = YES;
				CLANG_WARN_OBJC_ROOT_CLASS = YES_ERROR;
				CLANG_WARN_QUOTED_INCLUDE_IN_FRAMEWORK_HEADER = YES;
				CLANG_WARN_RANGE_LOOP_ANALYSIS = YES;
				CLANG_WARN_STRICT_PROTOTYPES = YES;
				CLANG_WARN_SUSPICIOUS_MOVE = YES;
				CLANG_WARN_UNGUARDED_AVAILABILITY = YES_AGGRESSIVE;
				CLANG_WARN_UNREACHABLE_CODE = YES;
				CLANG_WARN__DUPLICATE_METHOD_MATCH = YES;
				COPY_PHASE_STRIP = NO;
				DEBUG_INFORMATION_FORMAT = dwarf;
				ENABLE_STRICT_OBJC_MSGSEND = YES;
				ENABLE_TESTABILITY = YES;
				GCC_C_LANGUAGE_STANDARD = gnu11;
				GCC_DYNAMIC_NO_PIC = NO;
				GCC_NO_COMMON_BLOCKS = YES;
				GCC_OPTIMIZATION_LEVEL = 0;
				GCC_PREPROCESSOR_DEFINITIONS = (
					"DEBUG=1",
					"$(inherited)",
				);
				GCC_WARN_64_TO_32_BIT_CONVERSION = YES;
				GCC_WARN_ABOUT_RETURN_TYPE = YES_ERROR;
				GCC_WARN_UNDECLARED_SELECTOR = YES;
				GCC_WARN_UNINITIALIZED_AUTOS = YES_AGGRESSIVE;
				GCC_WARN_UNUSED_FUNCTION = YES;
				GCC_WARN_UNUSED_VARIABLE = YES;
				IPHONEOS_DEPLOYMENT_TARGET = 14.0;
				MTL_ENABLE_DEBUG_INFO = INCLUDE_SOURCE;
				MTL_FAST_MATH = YES;
				ONLY_ACTIVE_ARCH = YES;
				SDKROOT = iphoneos;
				SWIFT_ACTIVE_COMPILATION_CONDITIONS = DEBUG;
				SWIFT_OPTIMIZATION_LEVEL = "-Onone";
			};
			name = Debug;
		};
		B65CE20D283B466300ADE820 /* Release */ = {
			isa = XCBuildConfiguration;
			buildSettings = {
				ALWAYS_SEARCH_USER_PATHS = NO;
				CLANG_ANALYZER_NONNULL = YES;
				CLANG_ANALYZER_NUMBER_OBJECT_CONVERSION = YES_AGGRESSIVE;
				CLANG_CXX_LANGUAGE_STANDARD = "gnu++17";
				CLANG_ENABLE_MODULES = YES;
				CLANG_ENABLE_OBJC_ARC = YES;
				CLANG_ENABLE_OBJC_WEAK = YES;
				CLANG_WARN_BLOCK_CAPTURE_AUTORELEASING = YES;
				CLANG_WARN_BOOL_CONVERSION = YES;
				CLANG_WARN_COMMA = YES;
				CLANG_WARN_CONSTANT_CONVERSION = YES;
				CLANG_WARN_DEPRECATED_OBJC_IMPLEMENTATIONS = YES;
				CLANG_WARN_DIRECT_OBJC_ISA_USAGE = YES_ERROR;
				CLANG_WARN_DOCUMENTATION_COMMENTS = YES;
				CLANG_WARN_EMPTY_BODY = YES;
				CLANG_WARN_ENUM_CONVERSION = YES;
				CLANG_WARN_INFINITE_RECURSION = YES;
				CLANG_WARN_INT_CONVERSION = YES;
				CLANG_WARN_NON_LITERAL_NULL_CONVERSION = YES;
				CLANG_WARN_OBJC_IMPLICIT_RETAIN_SELF = YES;
				CLANG_WARN_OBJC_LITERAL_CONVERSION = YES;
				CLANG_WARN_OBJC_ROOT_CLASS = YES_ERROR;
				CLANG_WARN_QUOTED_INCLUDE_IN_FRAMEWORK_HEADER = YES;
				CLANG_WARN_RANGE_LOOP_ANALYSIS = YES;
				CLANG_WARN_STRICT_PROTOTYPES = YES;
				CLANG_WARN_SUSPICIOUS_MOVE = YES;
				CLANG_WARN_UNGUARDED_AVAILABILITY = YES_AGGRESSIVE;
				CLANG_WARN_UNREACHABLE_CODE = YES;
				CLANG_WARN__DUPLICATE_METHOD_MATCH = YES;
				COPY_PHASE_STRIP = NO;
				DEBUG_INFORMATION_FORMAT = "dwarf-with-dsym";
				ENABLE_NS_ASSERTIONS = NO;
				ENABLE_STRICT_OBJC_MSGSEND = YES;
				GCC_C_LANGUAGE_STANDARD = gnu11;
				GCC_NO_COMMON_BLOCKS = YES;
				GCC_WARN_64_TO_32_BIT_CONVERSION = YES;
				GCC_WARN_ABOUT_RETURN_TYPE = YES_ERROR;
				GCC_WARN_UNDECLARED_SELECTOR = YES;
				GCC_WARN_UNINITIALIZED_AUTOS = YES_AGGRESSIVE;
				GCC_WARN_UNUSED_FUNCTION = YES;
				GCC_WARN_UNUSED_VARIABLE = YES;
				IPHONEOS_DEPLOYMENT_TARGET = 14.0;
				MTL_ENABLE_DEBUG_INFO = NO;
				MTL_FAST_MATH = YES;
				SDKROOT = iphoneos;
				SWIFT_COMPILATION_MODE = wholemodule;
				SWIFT_OPTIMIZATION_LEVEL = "-O";
				VALIDATE_PRODUCT = YES;
			};
			name = Release;
		};
		B65CE20F283B466300ADE820 /* Debug */ = {
			isa = XCBuildConfiguration;
			baseConfigurationReference = 461EBA86F532FF11E3155C29 /* Pods-Randomie.debug.xcconfig */;
			buildSettings = {
				ASSETCATALOG_COMPILER_APPICON_NAME = AppIcon;
				ASSETCATALOG_COMPILER_GLOBAL_ACCENT_COLOR_NAME = AccentColor;
				CODE_SIGN_STYLE = Automatic;
				CURRENT_PROJECT_VERSION = 1;
				DEVELOPMENT_TEAM = SPG48R5NA6;
				GENERATE_INFOPLIST_FILE = YES;
				INFOPLIST_FILE = Randomie/Info.plist;
				INFOPLIST_KEY_UIApplicationSupportsIndirectInputEvents = YES;
				INFOPLIST_KEY_UILaunchStoryboardName = LaunchScreen;
				INFOPLIST_KEY_UIMainStoryboardFile = Main;
				INFOPLIST_KEY_UISupportedInterfaceOrientations_iPad = "UIInterfaceOrientationPortrait UIInterfaceOrientationPortraitUpsideDown UIInterfaceOrientationLandscapeLeft UIInterfaceOrientationLandscapeRight";
				INFOPLIST_KEY_UISupportedInterfaceOrientations_iPhone = "UIInterfaceOrientationPortrait UIInterfaceOrientationLandscapeLeft UIInterfaceOrientationLandscapeRight";
				IPHONEOS_DEPLOYMENT_TARGET = 14.0;
				LD_RUNPATH_SEARCH_PATHS = (
					"$(inherited)",
					"@executable_path/Frameworks",
				);
				MARKETING_VERSION = 1.0;
				PRODUCT_BUNDLE_IDENTIFIER = com.hnguyenngo.Randomie;
				PRODUCT_NAME = "$(TARGET_NAME)";
				SWIFT_EMIT_LOC_STRINGS = YES;
				SWIFT_VERSION = 5.0;
				TARGETED_DEVICE_FAMILY = "1,2";
			};
			name = Debug;
		};
		B65CE210283B466300ADE820 /* Release */ = {
			isa = XCBuildConfiguration;
			baseConfigurationReference = 0B5A260419956148EA86A94E /* Pods-Randomie.release.xcconfig */;
			buildSettings = {
				ASSETCATALOG_COMPILER_APPICON_NAME = AppIcon;
				ASSETCATALOG_COMPILER_GLOBAL_ACCENT_COLOR_NAME = AccentColor;
				CODE_SIGN_STYLE = Automatic;
				CURRENT_PROJECT_VERSION = 1;
				DEVELOPMENT_TEAM = SPG48R5NA6;
				GENERATE_INFOPLIST_FILE = YES;
				INFOPLIST_FILE = Randomie/Info.plist;
				INFOPLIST_KEY_UIApplicationSupportsIndirectInputEvents = YES;
				INFOPLIST_KEY_UILaunchStoryboardName = LaunchScreen;
				INFOPLIST_KEY_UIMainStoryboardFile = Main;
				INFOPLIST_KEY_UISupportedInterfaceOrientations_iPad = "UIInterfaceOrientationPortrait UIInterfaceOrientationPortraitUpsideDown UIInterfaceOrientationLandscapeLeft UIInterfaceOrientationLandscapeRight";
				INFOPLIST_KEY_UISupportedInterfaceOrientations_iPhone = "UIInterfaceOrientationPortrait UIInterfaceOrientationLandscapeLeft UIInterfaceOrientationLandscapeRight";
				IPHONEOS_DEPLOYMENT_TARGET = 14.0;
				LD_RUNPATH_SEARCH_PATHS = (
					"$(inherited)",
					"@executable_path/Frameworks",
				);
				MARKETING_VERSION = 1.0;
				PRODUCT_BUNDLE_IDENTIFIER = com.hnguyenngo.Randomie;
				PRODUCT_NAME = "$(TARGET_NAME)";
				SWIFT_EMIT_LOC_STRINGS = YES;
				SWIFT_VERSION = 5.0;
				TARGETED_DEVICE_FAMILY = "1,2";
			};
			name = Release;
		};
/* End XCBuildConfiguration section */

/* Begin XCConfigurationList section */
		B65CE1F5283B466100ADE820 /* Build configuration list for PBXProject "Randomie" */ = {
			isa = XCConfigurationList;
			buildConfigurations = (
				B65CE20C283B466300ADE820 /* Debug */,
				B65CE20D283B466300ADE820 /* Release */,
			);
			defaultConfigurationIsVisible = 0;
			defaultConfigurationName = Release;
		};
		B65CE20E283B466300ADE820 /* Build configuration list for PBXNativeTarget "Randomie" */ = {
			isa = XCConfigurationList;
			buildConfigurations = (
				B65CE20F283B466300ADE820 /* Debug */,
				B65CE210283B466300ADE820 /* Release */,
			);
			defaultConfigurationIsVisible = 0;
			defaultConfigurationName = Release;
		};
/* End XCConfigurationList section */
	};
	rootObject = B65CE1F2283B466100ADE820 /* Project object */;
}
